// !$*UTF8*$!
{
	archiveVersion = 1;
	classes = {
	};
	objectVersion = 77;
	objects = {

/* Begin PBXBuildFile section */
		291C42222E460BB300D61F42 /* AppIcon_1024.png in Resources */ = {isa = PBXBuildFile; fileRef = 291C42042E460BB300D61F42 /* AppIcon_1024.png */; };
		291C42232E460BB300D61F42 /* Localizable.strings in Resources */ = {isa = PBXBuildFile; fileRef = 291C420A2E460BB300D61F42 /* Localizable.strings */; };
		291C42252E460BB300D61F42 /* RootView.swift in Sources */ = {isa = PBXBuildFile; fileRef = 291C42132E460BB300D61F42 /* RootView.swift */; };
		291C42262E460BB300D61F42 /* NotificationScheduler.swift in Sources */ = {isa = PBXBuildFile; fileRef = 291C420F2E460BB300D61F42 /* NotificationScheduler.swift */; };
		291C42282E460BB300D61F42 /* MarsWeather.swift in Sources */ = {isa = PBXBuildFile; fileRef = 291C420C2E460BB300D61F42 /* MarsWeather.swift */; };
		291C42292E460BB300D61F42 /* APIClient.swift in Sources */ = {isa = PBXBuildFile; fileRef = 291C420E2E460BB300D61F42 /* APIClient.swift */; };
		291C422A2E460BB300D61F42 /* MarscopeApp.swift in Sources */ = {isa = PBXBuildFile; fileRef = 291C42172E460BB300D61F42 /* MarscopeApp.swift */; };
		291C422B2E460BB300D61F42 /* SettingsView.swift in Sources */ = {isa = PBXBuildFile; fileRef = 291C42142E460BB300D61F42 /* SettingsView.swift */; };
		291C422C2E460BB300D61F42 /* DisclaimerView.swift in Sources */ = {isa = PBXBuildFile; fileRef = 291C42062E460BB300D61F42 /* DisclaimerView.swift */; };
		291C422D2E460BB300D61F42 /* TodayViewModel.swift in Sources */ = {isa = PBXBuildFile; fileRef = 291C42112E460BB300D61F42 /* TodayViewModel.swift */; };
		291C422E2E460BB300D61F42 /* TodayView.swift in Sources */ = {isa = PBXBuildFile; fileRef = 291C42152E460BB300D61F42 /* TodayView.swift */; };
		291C42302E460BB900D61F42 /* README.md in Resources */ = {isa = PBXBuildFile; fileRef = 291C422F2E460BB900D61F42 /* README.md */; };
		291C42332E4611ED00D61F42 /* GoogleService-Info.plist in Resources */ = {isa = PBXBuildFile; fileRef = 291C42322E4611ED00D61F42 /* GoogleService-Info.plist */; };
		291C42362E46141500D61F42 /* FirebaseAnalytics in Frameworks */ = {isa = PBXBuildFile; productRef = 291C42352E46141500D61F42 /* FirebaseAnalytics */; };
		291C42382E46141500D61F42 /* FirebaseCrashlytics in Frameworks */ = {isa = PBXBuildFile; productRef = 291C42372E46141500D61F42 /* FirebaseCrashlytics */; };
		291C423C2E4618CB00D61F42 /* .gitignore in Resources */ = {isa = PBXBuildFile; fileRef = 291C423B2E4618C300D61F42 /* .gitignore */; };
/* End PBXBuildFile section */

/* Begin PBXContainerItemProxy section */
		291C41CE2E460AD400D61F42 /* PBXContainerItemProxy */ = {
			isa = PBXContainerItemProxy;
			containerPortal = 291C41B82E460AD200D61F42 /* Project object */;
			proxyType = 1;
			remoteGlobalIDString = 291C41BF2E460AD200D61F42;
			remoteInfo = Marscope;
		};
		291C41D82E460AD400D61F42 /* PBXContainerItemProxy */ = {
			isa = PBXContainerItemProxy;
			containerPortal = 291C41B82E460AD200D61F42 /* Project object */;
			proxyType = 1;
			remoteGlobalIDString = 291C41BF2E460AD200D61F42;
			remoteInfo = Marscope;
		};
/* End PBXContainerItemProxy section */

/* Begin PBXFileReference section */
		291C41C02E460AD200D61F42 /* Marscope.app */ = {isa = PBXFileReference; explicitFileType = wrapper.application; includeInIndex = 0; path = Marscope.app; sourceTree = BUILT_PRODUCTS_DIR; };
		291C41CD2E460AD400D61F42 /* MarscopeTests.xctest */ = {isa = PBXFileReference; explicitFileType = wrapper.cfbundle; includeInIndex = 0; path = MarscopeTests.xctest; sourceTree = BUILT_PRODUCTS_DIR; };
		291C41D72E460AD400D61F42 /* MarscopeUITests.xctest */ = {isa = PBXFileReference; explicitFileType = wrapper.cfbundle; includeInIndex = 0; path = MarscopeUITests.xctest; sourceTree = BUILT_PRODUCTS_DIR; };
		291C42042E460BB300D61F42 /* AppIcon_1024.png */ = {isa = PBXFileReference; lastKnownFileType = image.png; path = AppIcon_1024.png; sourceTree = "<group>"; };
		291C42062E460BB300D61F42 /* DisclaimerView.swift */ = {isa = PBXFileReference; lastKnownFileType = sourcecode.swift; path = DisclaimerView.swift; sourceTree = "<group>"; };
		291C42082E460BB300D61F42 /* en */ = {isa = PBXFileReference; lastKnownFileType = text.plist.strings; name = en; path = en.lproj/Localizable.strings; sourceTree = "<group>"; };
		291C42092E460BB300D61F42 /* tr */ = {isa = PBXFileReference; lastKnownFileType = text.plist.strings; name = tr; path = tr.lproj/Localizable.strings; sourceTree = "<group>"; };
		291C420C2E460BB300D61F42 /* MarsWeather.swift */ = {isa = PBXFileReference; lastKnownFileType = sourcecode.swift; path = MarsWeather.swift; sourceTree = "<group>"; };
		291C420E2E460BB300D61F42 /* APIClient.swift */ = {isa = PBXFileReference; lastKnownFileType = sourcecode.swift; path = APIClient.swift; sourceTree = "<group>"; };
		291C420F2E460BB300D61F42 /* NotificationScheduler.swift */ = {isa = PBXFileReference; lastKnownFileType = sourcecode.swift; path = NotificationScheduler.swift; sourceTree = "<group>"; };
		291C42112E460BB300D61F42 /* TodayViewModel.swift */ = {isa = PBXFileReference; lastKnownFileType = sourcecode.swift; path = TodayViewModel.swift; sourceTree = "<group>"; };
		291C42132E460BB300D61F42 /* RootView.swift */ = {isa = PBXFileReference; lastKnownFileType = sourcecode.swift; path = RootView.swift; sourceTree = "<group>"; };
		291C42142E460BB300D61F42 /* SettingsView.swift */ = {isa = PBXFileReference; lastKnownFileType = sourcecode.swift; path = SettingsView.swift; sourceTree = "<group>"; };
		291C42152E460BB300D61F42 /* TodayView.swift */ = {isa = PBXFileReference; lastKnownFileType = sourcecode.swift; path = TodayView.swift; sourceTree = "<group>"; };
		291C42172E460BB300D61F42 /* MarscopeApp.swift */ = {isa = PBXFileReference; lastKnownFileType = sourcecode.swift; path = MarscopeApp.swift; sourceTree = "<group>"; };
		291C42192E460BB300D61F42 /* MarscopeWidget.swift */ = {isa = PBXFileReference; lastKnownFileType = sourcecode.swift; path = MarscopeWidget.swift; sourceTree = "<group>"; };
		291C422F2E460BB900D61F42 /* README.md */ = {isa = PBXFileReference; lastKnownFileType = net.daringfireball.markdown; path = README.md; sourceTree = "<group>"; };
		291C42322E4611ED00D61F42 /* GoogleService-Info.plist */ = {isa = PBXFileReference; lastKnownFileType = text.plist.xml; path = "GoogleService-Info.plist"; sourceTree = "<group>"; };
		291C423B2E4618C300D61F42 /* .gitignore */ = {isa = PBXFileReference; lastKnownFileType = text; path = .gitignore; sourceTree = "<group>"; };
/* End PBXFileReference section */

/* Begin PBXFileSystemSynchronizedRootGroup section */
		291C41C22E460AD200D61F42 /* Marscope */ = {
			isa = PBXFileSystemSynchronizedRootGroup;
			path = Marscope;
			sourceTree = "<group>";
			usesTabs = 0;
		};
		291C41D02E460AD400D61F42 /* MarscopeTests */ = {
			isa = PBXFileSystemSynchronizedRootGroup;
			path = MarscopeTests;
			sourceTree = "<group>";
		};
		291C41DA2E460AD400D61F42 /* MarscopeUITests */ = {
			isa = PBXFileSystemSynchronizedRootGroup;
			path = MarscopeUITests;
			sourceTree = "<group>";
		};
/* End PBXFileSystemSynchronizedRootGroup section */

/* Begin PBXFrameworksBuildPhase section */
		291C41BD2E460AD200D61F42 /* Frameworks */ = {
			isa = PBXFrameworksBuildPhase;
			buildActionMask = 2147483647;
			files = (
				291C42362E46141500D61F42 /* FirebaseAnalytics in Frameworks */,
				291C42382E46141500D61F42 /* FirebaseCrashlytics in Frameworks */,
			);
			runOnlyForDeploymentPostprocessing = 0;
		};
		291C41CA2E460AD400D61F42 /* Frameworks */ = {
			isa = PBXFrameworksBuildPhase;
			buildActionMask = 2147483647;
			files = (
			);
			runOnlyForDeploymentPostprocessing = 0;
		};
		291C41D42E460AD400D61F42 /* Frameworks */ = {
			isa = PBXFrameworksBuildPhase;
			buildActionMask = 2147483647;
			files = (
			);
			runOnlyForDeploymentPostprocessing = 0;
		};
/* End PBXFrameworksBuildPhase section */

/* Begin PBXGroup section */
		291C41B72E460AD200D61F42 = {
			isa = PBXGroup;
			children = (
				291C423B2E4618C300D61F42 /* .gitignore */,
				291C41C22E460AD200D61F42 /* Marscope */,
				291C41D02E460AD400D61F42 /* MarscopeTests */,
				291C41DA2E460AD400D61F42 /* MarscopeUITests */,
				291C41C12E460AD200D61F42 /* Products */,
				291C421B2E460BB300D61F42 /* iOS */,
				291C422F2E460BB900D61F42 /* README.md */,
				291C42322E4611ED00D61F42 /* GoogleService-Info.plist */,
			);
			sourceTree = "<group>";
		};
		291C41C12E460AD200D61F42 /* Products */ = {
			isa = PBXGroup;
			children = (
				291C41C02E460AD200D61F42 /* Marscope.app */,
				291C41CD2E460AD400D61F42 /* MarscopeTests.xctest */,
				291C41D72E460AD400D61F42 /* MarscopeUITests.xctest */,
			);
			name = Products;
			sourceTree = "<group>";
		};
		291C42052E460BB300D61F42 /* Assets */ = {
			isa = PBXGroup;
			children = (
				291C42042E460BB300D61F42 /* AppIcon_1024.png */,
			);
			path = Assets;
			sourceTree = "<group>";
		};
		291C42072E460BB300D61F42 /* Legal */ = {
			isa = PBXGroup;
			children = (
				291C42062E460BB300D61F42 /* DisclaimerView.swift */,
			);
			path = Legal;
			sourceTree = "<group>";
		};
		291C420B2E460BB300D61F42 /* Localization */ = {
			isa = PBXGroup;
			children = (
				291C420A2E460BB300D61F42 /* Localizable.strings */,
			);
			path = Localization;
			sourceTree = "<group>";
		};
		291C420D2E460BB300D61F42 /* Models */ = {
			isa = PBXGroup;
			children = (
				291C420C2E460BB300D61F42 /* MarsWeather.swift */,
			);
			path = Models;
			sourceTree = "<group>";
		};
		291C42102E460BB300D61F42 /* Services */ = {
			isa = PBXGroup;
			children = (
				291C420E2E460BB300D61F42 /* APIClient.swift */,
				291C420F2E460BB300D61F42 /* NotificationScheduler.swift */,
			);
			path = Services;
			sourceTree = "<group>";
		};
		291C42122E460BB300D61F42 /* ViewModels */ = {
			isa = PBXGroup;
			children = (
				291C42112E460BB300D61F42 /* TodayViewModel.swift */,
			);
			path = ViewModels;
			sourceTree = "<group>";
		};
		291C42162E460BB300D61F42 /* Views */ = {
			isa = PBXGroup;
			children = (
				291C42132E460BB300D61F42 /* RootView.swift */,
				291C42142E460BB300D61F42 /* SettingsView.swift */,
				291C42152E460BB300D61F42 /* TodayView.swift */,
			);
			path = Views;
			sourceTree = "<group>";
		};
		291C42182E460BB300D61F42 /* App */ = {
			isa = PBXGroup;
			children = (
				291C42052E460BB300D61F42 /* Assets */,
				291C42072E460BB300D61F42 /* Legal */,
				291C420B2E460BB300D61F42 /* Localization */,
				291C420D2E460BB300D61F42 /* Models */,
				291C42102E460BB300D61F42 /* Services */,
				291C42122E460BB300D61F42 /* ViewModels */,
				291C42162E460BB300D61F42 /* Views */,
				291C42172E460BB300D61F42 /* MarscopeApp.swift */,
			);
			path = App;
			sourceTree = "<group>";
		};
		291C421A2E460BB300D61F42 /* Widget */ = {
			isa = PBXGroup;
			children = (
				291C42192E460BB300D61F42 /* MarscopeWidget.swift */,
			);
			path = Widget;
			sourceTree = "<group>";
		};
		291C421B2E460BB300D61F42 /* iOS */ = {
			isa = PBXGroup;
			children = (
				291C42182E460BB300D61F42 /* App */,
				291C421A2E460BB300D61F42 /* Widget */,
			);
			path = iOS;
			sourceTree = "<group>";
		};
/* End PBXGroup section */

/* Begin PBXNativeTarget section */
		291C41BF2E460AD200D61F42 /* Marscope */ = {
			isa = PBXNativeTarget;
			buildConfigurationList = 291C41E12E460AD400D61F42 /* Build configuration list for PBXNativeTarget "Marscope" */;
			buildPhases = (
				291C41BC2E460AD200D61F42 /* Sources */,
				291C41BD2E460AD200D61F42 /* Frameworks */,
				291C41BE2E460AD200D61F42 /* Resources */,
			);
			buildRules = (
			);
			dependencies = (
			);
			fileSystemSynchronizedGroups = (
				291C41C22E460AD200D61F42 /* Marscope */,
			);
			name = Marscope;
			packageProductDependencies = (
				291C42352E46141500D61F42 /* FirebaseAnalytics */,
				291C42372E46141500D61F42 /* FirebaseCrashlytics */,
			);
			productName = Marscope;
			productReference = 291C41C02E460AD200D61F42 /* Marscope.app */;
			productType = "com.apple.product-type.application";
		};
		291C41CC2E460AD400D61F42 /* MarscopeTests */ = {
			isa = PBXNativeTarget;
			buildConfigurationList = 291C41E42E460AD400D61F42 /* Build configuration list for PBXNativeTarget "MarscopeTests" */;
			buildPhases = (
				291C41C92E460AD400D61F42 /* Sources */,
				291C41CA2E460AD400D61F42 /* Frameworks */,
				291C41CB2E460AD400D61F42 /* Resources */,
			);
			buildRules = (
			);
			dependencies = (
				291C41CF2E460AD400D61F42 /* PBXTargetDependency */,
			);
			fileSystemSynchronizedGroups = (
				291C41D02E460AD400D61F42 /* MarscopeTests */,
			);
			name = MarscopeTests;
			packageProductDependencies = (
			);
			productName = MarscopeTests;
			productReference = 291C41CD2E460AD400D61F42 /* MarscopeTests.xctest */;
			productType = "com.apple.product-type.bundle.unit-test";
		};
		291C41D62E460AD400D61F42 /* MarscopeUITests */ = {
			isa = PBXNativeTarget;
			buildConfigurationList = 291C41E72E460AD400D61F42 /* Build configuration list for PBXNativeTarget "MarscopeUITests" */;
			buildPhases = (
				291C41D32E460AD400D61F42 /* Sources */,
				291C41D42E460AD400D61F42 /* Frameworks */,
				291C41D52E460AD400D61F42 /* Resources */,
			);
			buildRules = (
			);
			dependencies = (
				291C41D92E460AD400D61F42 /* PBXTargetDependency */,
			);
			fileSystemSynchronizedGroups = (
				291C41DA2E460AD400D61F42 /* MarscopeUITests */,
			);
			name = MarscopeUITests;
			packageProductDependencies = (
			);
			productName = MarscopeUITests;
			productReference = 291C41D72E460AD400D61F42 /* MarscopeUITests.xctest */;
			productType = "com.apple.product-type.bundle.ui-testing";
		};
/* End PBXNativeTarget section */

/* Begin PBXProject section */
		291C41B82E460AD200D61F42 /* Project object */ = {
			isa = PBXProject;
			attributes = {
				BuildIndependentTargetsInParallel = 1;
				LastSwiftUpdateCheck = 1640;
				LastUpgradeCheck = 1640;
				TargetAttributes = {
					291C41BF2E460AD200D61F42 = {
						CreatedOnToolsVersion = 16.4;
						LastSwiftMigration = 1640;
					};
					291C41CC2E460AD400D61F42 = {
						CreatedOnToolsVersion = 16.4;
						TestTargetID = 291C41BF2E460AD200D61F42;
					};
					291C41D62E460AD400D61F42 = {
						CreatedOnToolsVersion = 16.4;
						TestTargetID = 291C41BF2E460AD200D61F42;
					};
				};
			};
			buildConfigurationList = 291C41BB2E460AD200D61F42 /* Build configuration list for PBXProject "Marscope" */;
			developmentRegion = en;
			hasScannedForEncodings = 0;
			knownRegions = (
				en,
				Base,
				tr,
			);
			mainGroup = 291C41B72E460AD200D61F42;
			minimizedProjectReferenceProxies = 1;
			packageReferences = (
				291C42342E46141500D61F42 /* XCRemoteSwiftPackageReference "firebase-ios-sdk" */,
			);
			preferredProjectObjectVersion = 77;
			productRefGroup = 291C41C12E460AD200D61F42 /* Products */;
			projectDirPath = "";
			projectRoot = "";
			targets = (
				291C41BF2E460AD200D61F42 /* Marscope */,
				291C41CC2E460AD400D61F42 /* MarscopeTests */,
				291C41D62E460AD400D61F42 /* MarscopeUITests */,
			);
		};
/* End PBXProject section */

/* Begin PBXResourcesBuildPhase section */
		291C41BE2E460AD200D61F42 /* Resources */ = {
			isa = PBXResourcesBuildPhase;
			buildActionMask = 2147483647;
			files = (
				291C42222E460BB300D61F42 /* AppIcon_1024.png in Resources */,
				291C42232E460BB300D61F42 /* Localizable.strings in Resources */,
				291C42332E4611ED00D61F42 /* GoogleService-Info.plist in Resources */,
				291C42302E460BB900D61F42 /* README.md in Resources */,
				291C423C2E4618CB00D61F42 /* .gitignore in Resources */,
			);
			runOnlyForDeploymentPostprocessing = 0;
		};
		291C41CB2E460AD400D61F42 /* Resources */ = {
			isa = PBXResourcesBuildPhase;
			buildActionMask = 2147483647;
			files = (
			);
			runOnlyForDeploymentPostprocessing = 0;
		};
		291C41D52E460AD400D61F42 /* Resources */ = {
			isa = PBXResourcesBuildPhase;
			buildActionMask = 2147483647;
			files = (
			);
			runOnlyForDeploymentPostprocessing = 0;
		};
/* End PBXResourcesBuildPhase section */

/* Begin PBXSourcesBuildPhase section */
		291C41BC2E460AD200D61F42 /* Sources */ = {
			isa = PBXSourcesBuildPhase;
			buildActionMask = 2147483647;
			files = (
				291C42252E460BB300D61F42 /* RootView.swift in Sources */,
				291C42262E460BB300D61F42 /* NotificationScheduler.swift in Sources */,
				291C42282E460BB300D61F42 /* MarsWeather.swift in Sources */,
				291C42292E460BB300D61F42 /* APIClient.swift in Sources */,
				291C422A2E460BB300D61F42 /* MarscopeApp.swift in Sources */,
				291C422B2E460BB300D61F42 /* SettingsView.swift in Sources */,
				291C422C2E460BB300D61F42 /* DisclaimerView.swift in Sources */,
				291C422D2E460BB300D61F42 /* TodayViewModel.swift in Sources */,
				291C422E2E460BB300D61F42 /* TodayView.swift in Sources */,
			);
			runOnlyForDeploymentPostprocessing = 0;
		};
		291C41C92E460AD400D61F42 /* Sources */ = {
			isa = PBXSourcesBuildPhase;
			buildActionMask = 2147483647;
			files = (
			);
			runOnlyForDeploymentPostprocessing = 0;
		};
		291C41D32E460AD400D61F42 /* Sources */ = {
			isa = PBXSourcesBuildPhase;
			buildActionMask = 2147483647;
			files = (
			);
			runOnlyForDeploymentPostprocessing = 0;
		};
/* End PBXSourcesBuildPhase section */

/* Begin PBXTargetDependency section */
		291C41CF2E460AD400D61F42 /* PBXTargetDependency */ = {
			isa = PBXTargetDependency;
			target = 291C41BF2E460AD200D61F42 /* Marscope */;
			targetProxy = 291C41CE2E460AD400D61F42 /* PBXContainerItemProxy */;
		};
		291C41D92E460AD400D61F42 /* PBXTargetDependency */ = {
			isa = PBXTargetDependency;
			target = 291C41BF2E460AD200D61F42 /* Marscope */;
			targetProxy = 291C41D82E460AD400D61F42 /* PBXContainerItemProxy */;
		};
/* End PBXTargetDependency section */

/* Begin PBXVariantGroup section */
		291C420A2E460BB300D61F42 /* Localizable.strings */ = {
			isa = PBXVariantGroup;
			children = (
				291C42082E460BB300D61F42 /* en */,
				291C42092E460BB300D61F42 /* tr */,
			);
			name = Localizable.strings;
			sourceTree = "<group>";
		};
/* End PBXVariantGroup section */

/* Begin XCBuildConfiguration section */
		291C41DF2E460AD400D61F42 /* Debug */ = {
			isa = XCBuildConfiguration;
			buildSettings = {
				ALWAYS_SEARCH_USER_PATHS = NO;
				ASSETCATALOG_COMPILER_GENERATE_SWIFT_ASSET_SYMBOL_EXTENSIONS = YES;
				CLANG_ANALYZER_NONNULL = YES;
				CLANG_ANALYZER_NUMBER_OBJECT_CONVERSION = YES_AGGRESSIVE;
				CLANG_CXX_LANGUAGE_STANDARD = "gnu++20";
				CLANG_ENABLE_MODULES = YES;
				CLANG_ENABLE_OBJC_ARC = YES;
				CLANG_ENABLE_OBJC_WEAK = YES;
				CLANG_WARN_BLOCK_CAPTURE_AUTORELEASING = YES;
				CLANG_WARN_BOOL_CONVERSION = YES;
				CLANG_WARN_COMMA = YES;
				CLANG_WARN_CONSTANT_CONVERSION = YES;
				CLANG_WARN_DEPRECATED_OBJC_IMPLEMENTATIONS = YES;
				CLANG_WARN_DIRECT_OBJC_ISA_USAGE = YES_ERROR;
				CLANG_WARN_DOCUMENTATION_COMMENTS = YES;
				CLANG_WARN_EMPTY_BODY = YES;
				CLANG_WARN_ENUM_CONVERSION = YES;
				CLANG_WARN_INFINITE_RECURSION = YES;
				CLANG_WARN_INT_CONVERSION = YES;
				CLANG_WARN_NON_LITERAL_NULL_CONVERSION = YES;
				CLANG_WARN_OBJC_IMPLICIT_RETAIN_SELF = YES;
				CLANG_WARN_OBJC_LITERAL_CONVERSION = YES;
				CLANG_WARN_OBJC_ROOT_CLASS = YES_ERROR;
				CLANG_WARN_QUOTED_INCLUDE_IN_FRAMEWORK_HEADER = YES;
				CLANG_WARN_RANGE_LOOP_ANALYSIS = YES;
				CLANG_WARN_STRICT_PROTOTYPES = YES;
				CLANG_WARN_SUSPICIOUS_MOVE = YES;
				CLANG_WARN_UNGUARDED_AVAILABILITY = YES_AGGRESSIVE;
				CLANG_WARN_UNREACHABLE_CODE = YES;
				CLANG_WARN__DUPLICATE_METHOD_MATCH = YES;
				COPY_PHASE_STRIP = NO;
				DEBUG_INFORMATION_FORMAT = dwarf;
				DEVELOPMENT_TEAM = SCX8LHNYXZ;
				ENABLE_STRICT_OBJC_MSGSEND = YES;
				ENABLE_TESTABILITY = YES;
				ENABLE_USER_SCRIPT_SANDBOXING = YES;
				GCC_C_LANGUAGE_STANDARD = gnu17;
				GCC_DYNAMIC_NO_PIC = NO;
				GCC_NO_COMMON_BLOCKS = YES;
				GCC_OPTIMIZATION_LEVEL = 0;
				GCC_PREPROCESSOR_DEFINITIONS = (
					"DEBUG=1",
					"$(inherited)",
				);
				GCC_WARN_64_TO_32_BIT_CONVERSION = YES;
				GCC_WARN_ABOUT_RETURN_TYPE = YES_ERROR;
				GCC_WARN_UNDECLARED_SELECTOR = YES;
				GCC_WARN_UNINITIALIZED_AUTOS = YES_AGGRESSIVE;
				GCC_WARN_UNUSED_FUNCTION = YES;
				GCC_WARN_UNUSED_VARIABLE = YES;
				IPHONEOS_DEPLOYMENT_TARGET = 18.5;
				LOCALIZATION_PREFERS_STRING_CATALOGS = YES;
				MTL_ENABLE_DEBUG_INFO = INCLUDE_SOURCE;
				MTL_FAST_MATH = YES;
				ONLY_ACTIVE_ARCH = YES;
				SDKROOT = iphoneos;
				SWIFT_ACTIVE_COMPILATION_CONDITIONS = "DEBUG $(inherited)";
				SWIFT_OPTIMIZATION_LEVEL = "-Onone";
			};
			name = Debug;
		};
		291C41E02E460AD400D61F42 /* Release */ = {
			isa = XCBuildConfiguration;
			buildSettings = {
				ALWAYS_SEARCH_USER_PATHS = NO;
				ASSETCATALOG_COMPILER_GENERATE_SWIFT_ASSET_SYMBOL_EXTENSIONS = YES;
				CLANG_ANALYZER_NONNULL = YES;
				CLANG_ANALYZER_NUMBER_OBJECT_CONVERSION = YES_AGGRESSIVE;
				CLANG_CXX_LANGUAGE_STANDARD = "gnu++20";
				CLANG_ENABLE_MODULES = YES;
				CLANG_ENABLE_OBJC_ARC = YES;
				CLANG_ENABLE_OBJC_WEAK = YES;
				CLANG_WARN_BLOCK_CAPTURE_AUTORELEASING = YES;
				CLANG_WARN_BOOL_CONVERSION = YES;
				CLANG_WARN_COMMA = YES;
				CLANG_WARN_CONSTANT_CONVERSION = YES;
				CLANG_WARN_DEPRECATED_OBJC_IMPLEMENTATIONS = YES;
				CLANG_WARN_DIRECT_OBJC_ISA_USAGE = YES_ERROR;
				CLANG_WARN_DOCUMENTATION_COMMENTS = YES;
				CLANG_WARN_EMPTY_BODY = YES;
				CLANG_WARN_ENUM_CONVERSION = YES;
				CLANG_WARN_INFINITE_RECURSION = YES;
				CLANG_WARN_INT_CONVERSION = YES;
				CLANG_WARN_NON_LITERAL_NULL_CONVERSION = YES;
				CLANG_WARN_OBJC_IMPLICIT_RETAIN_SELF = YES;
				CLANG_WARN_OBJC_LITERAL_CONVERSION = YES;
				CLANG_WARN_OBJC_ROOT_CLASS = YES_ERROR;
				CLANG_WARN_QUOTED_INCLUDE_IN_FRAMEWORK_HEADER = YES;
				CLANG_WARN_RANGE_LOOP_ANALYSIS = YES;
				CLANG_WARN_STRICT_PROTOTYPES = YES;
				CLANG_WARN_SUSPICIOUS_MOVE = YES;
				CLANG_WARN_UNGUARDED_AVAILABILITY = YES_AGGRESSIVE;
				CLANG_WARN_UNREACHABLE_CODE = YES;
				CLANG_WARN__DUPLICATE_METHOD_MATCH = YES;
				COPY_PHASE_STRIP = NO;
				DEBUG_INFORMATION_FORMAT = "dwarf-with-dsym";
				DEVELOPMENT_TEAM = SCX8LHNYXZ;
				ENABLE_NS_ASSERTIONS = NO;
				ENABLE_STRICT_OBJC_MSGSEND = YES;
				ENABLE_USER_SCRIPT_SANDBOXING = YES;
				GCC_C_LANGUAGE_STANDARD = gnu17;
				GCC_NO_COMMON_BLOCKS = YES;
				GCC_WARN_64_TO_32_BIT_CONVERSION = YES;
				GCC_WARN_ABOUT_RETURN_TYPE = YES_ERROR;
				GCC_WARN_UNDECLARED_SELECTOR = YES;
				GCC_WARN_UNINITIALIZED_AUTOS = YES_AGGRESSIVE;
				GCC_WARN_UNUSED_FUNCTION = YES;
				GCC_WARN_UNUSED_VARIABLE = YES;
				IPHONEOS_DEPLOYMENT_TARGET = 18.5;
				LOCALIZATION_PREFERS_STRING_CATALOGS = YES;
				MTL_ENABLE_DEBUG_INFO = NO;
				MTL_FAST_MATH = YES;
				SDKROOT = iphoneos;
				SWIFT_COMPILATION_MODE = wholemodule;
				VALIDATE_PRODUCT = YES;
			};
			name = Release;
		};
		291C41E22E460AD400D61F42 /* Debug */ = {
			isa = XCBuildConfiguration;
			buildSettings = {
				ASSETCATALOG_COMPILER_APPICON_NAME = AppIcon;
				ASSETCATALOG_COMPILER_GLOBAL_ACCENT_COLOR_NAME = AccentColor;
				CLANG_ENABLE_MODULES = YES;
				CODE_SIGN_ENTITLEMENTS = Marscope/MarscopeDebug.entitlements;
				CODE_SIGN_STYLE = Automatic;
				CURRENT_PROJECT_VERSION = 1;
				DEVELOPMENT_TEAM = SCX8LHNYXZ;
				ENABLE_PREVIEWS = YES;
				GENERATE_INFOPLIST_FILE = YES;
				INFOPLIST_KEY_LSApplicationCategoryType = "public.app-category.lifestyle";
				INFOPLIST_KEY_UIApplicationSceneManifest_Generation = YES;
				INFOPLIST_KEY_UIApplicationSupportsIndirectInputEvents = YES;
				INFOPLIST_KEY_UILaunchScreen_Generation = YES;
				INFOPLIST_KEY_UISupportedInterfaceOrientations_iPad = "UIInterfaceOrientationPortrait UIInterfaceOrientationPortraitUpsideDown UIInterfaceOrientationLandscapeLeft UIInterfaceOrientationLandscapeRight";
				INFOPLIST_KEY_UISupportedInterfaceOrientations_iPhone = "UIInterfaceOrientationPortrait UIInterfaceOrientationLandscapeLeft UIInterfaceOrientationLandscapeRight";
				LD_RUNPATH_SEARCH_PATHS = (
					"$(inherited)",
					"@executable_path/Frameworks",
				);
				MARKETING_VERSION = 1.0;
				PRODUCT_BUNDLE_IDENTIFIER = com.reddunelabs.marscope;
				PRODUCT_NAME = "$(TARGET_NAME)";
				SWIFT_EMIT_LOC_STRINGS = YES;
				SWIFT_OPTIMIZATION_LEVEL = "-Onone";
				SWIFT_VERSION = 5.0;
				TARGETED_DEVICE_FAMILY = "1,2";
			};
			name = Debug;
		};
		291C41E32E460AD400D61F42 /* Release */ = {
			isa = XCBuildConfiguration;
			buildSettings = {
				ASSETCATALOG_COMPILER_APPICON_NAME = AppIcon;
				ASSETCATALOG_COMPILER_GLOBAL_ACCENT_COLOR_NAME = AccentColor;
				CLANG_ENABLE_MODULES = YES;
				CODE_SIGN_STYLE = Automatic;
				CURRENT_PROJECT_VERSION = 1;
				DEVELOPMENT_TEAM = SCX8LHNYXZ;
				ENABLE_PREVIEWS = YES;
				GENERATE_INFOPLIST_FILE = YES;
				INFOPLIST_KEY_LSApplicationCategoryType = "public.app-category.lifestyle";
				INFOPLIST_KEY_UIApplicationSceneManifest_Generation = YES;
				INFOPLIST_KEY_UIApplicationSupportsIndirectInputEvents = YES;
				INFOPLIST_KEY_UILaunchScreen_Generation = YES;
				INFOPLIST_KEY_UISupportedInterfaceOrientations_iPad = "UIInterfaceOrientationPortrait UIInterfaceOrientationPortraitUpsideDown UIInterfaceOrientationLandscapeLeft UIInterfaceOrientationLandscapeRight";
				INFOPLIST_KEY_UISupportedInterfaceOrientations_iPhone = "UIInterfaceOrientationPortrait UIInterfaceOrientationLandscapeLeft UIInterfaceOrientationLandscapeRight";
				LD_RUNPATH_SEARCH_PATHS = (
					"$(inherited)",
					"@executable_path/Frameworks",
				);
				MARKETING_VERSION = 1.0;
				PRODUCT_BUNDLE_IDENTIFIER = com.reddunelabs.marscope;
				PRODUCT_NAME = "$(TARGET_NAME)";
				SWIFT_EMIT_LOC_STRINGS = YES;
				SWIFT_VERSION = 5.0;
				TARGETED_DEVICE_FAMILY = "1,2";
			};
			name = Release;
		};
		291C41E52E460AD400D61F42 /* Debug */ = {
			isa = XCBuildConfiguration;
			buildSettings = {
				BUNDLE_LOADER = "$(TEST_HOST)";
				CODE_SIGN_STYLE = Automatic;
				CURRENT_PROJECT_VERSION = 1;
				DEVELOPMENT_TEAM = SCX8LHNYXZ;
				GENERATE_INFOPLIST_FILE = YES;
				IPHONEOS_DEPLOYMENT_TARGET = 18.5;
				MARKETING_VERSION = 1.0;
				PRODUCT_BUNDLE_IDENTIFIER = com.reddunelabs.marscope.MarscopeTests;
				PRODUCT_NAME = "$(TARGET_NAME)";
				SWIFT_EMIT_LOC_STRINGS = NO;
				SWIFT_VERSION = 5.0;
				TARGETED_DEVICE_FAMILY = "1,2";
				TEST_HOST = "$(BUILT_PRODUCTS_DIR)/Marscope.app/$(BUNDLE_EXECUTABLE_FOLDER_PATH)/Marscope";
			};
			name = Debug;
		};
		291C41E62E460AD400D61F42 /* Release */ = {
			isa = XCBuildConfiguration;
			buildSettings = {
				BUNDLE_LOADER = "$(TEST_HOST)";
				CODE_SIGN_STYLE = Automatic;
				CURRENT_PROJECT_VERSION = 1;
				DEVELOPMENT_TEAM = SCX8LHNYXZ;
				GENERATE_INFOPLIST_FILE = YES;
				IPHONEOS_DEPLOYMENT_TARGET = 18.5;
				MARKETING_VERSION = 1.0;
				PRODUCT_BUNDLE_IDENTIFIER = com.reddunelabs.marscope.MarscopeTests;
				PRODUCT_NAME = "$(TARGET_NAME)";
				SWIFT_EMIT_LOC_STRINGS = NO;
				SWIFT_VERSION = 5.0;
				TARGETED_DEVICE_FAMILY = "1,2";
				TEST_HOST = "$(BUILT_PRODUCTS_DIR)/Marscope.app/$(BUNDLE_EXECUTABLE_FOLDER_PATH)/Marscope";
			};
			name = Release;
		};
		291C41E82E460AD400D61F42 /* Debug */ = {
			isa = XCBuildConfiguration;
			buildSettings = {
				CODE_SIGN_STYLE = Automatic;
				CURRENT_PROJECT_VERSION = 1;
				DEVELOPMENT_TEAM = SCX8LHNYXZ;
				GENERATE_INFOPLIST_FILE = YES;
				MARKETING_VERSION = 1.0;
				PRODUCT_BUNDLE_IDENTIFIER = com.reddunelabs.marscope.MarscopeUITests;
				PRODUCT_NAME = "$(TARGET_NAME)";
				SWIFT_EMIT_LOC_STRINGS = NO;
				SWIFT_VERSION = 5.0;
				TARGETED_DEVICE_FAMILY = "1,2";
				TEST_TARGET_NAME = Marscope;
			};
			name = Debug;
		};
		291C41E92E460AD400D61F42 /* Release */ = {
			isa = XCBuildConfiguration;
			buildSettings = {
				CODE_SIGN_STYLE = Automatic;
				CURRENT_PROJECT_VERSION = 1;
				DEVELOPMENT_TEAM = SCX8LHNYXZ;
				GENERATE_INFOPLIST_FILE = YES;
				MARKETING_VERSION = 1.0;
				PRODUCT_BUNDLE_IDENTIFIER = com.reddunelabs.marscope.MarscopeUITests;
				PRODUCT_NAME = "$(TARGET_NAME)";
				SWIFT_EMIT_LOC_STRINGS = NO;
				SWIFT_VERSION = 5.0;
				TARGETED_DEVICE_FAMILY = "1,2";
				TEST_TARGET_NAME = Marscope;
			};
			name = Release;
		};
/* End XCBuildConfiguration section */

/* Begin XCConfigurationList section */
		291C41BB2E460AD200D61F42 /* Build configuration list for PBXProject "Marscope" */ = {
			isa = XCConfigurationList;
			buildConfigurations = (
				291C41DF2E460AD400D61F42 /* Debug */,
				291C41E02E460AD400D61F42 /* Release */,
			);
			defaultConfigurationIsVisible = 0;
			defaultConfigurationName = Release;
		};
		291C41E12E460AD400D61F42 /* Build configuration list for PBXNativeTarget "Marscope" */ = {
			isa = XCConfigurationList;
			buildConfigurations = (
				291C41E22E460AD400D61F42 /* Debug */,
				291C41E32E460AD400D61F42 /* Release */,
			);
			defaultConfigurationIsVisible = 0;
			defaultConfigurationName = Release;
		};
		291C41E42E460AD400D61F42 /* Build configuration list for PBXNativeTarget "MarscopeTests" */ = {
			isa = XCConfigurationList;
			buildConfigurations = (
				291C41E52E460AD400D61F42 /* Debug */,
				291C41E62E460AD400D61F42 /* Release */,
			);
			defaultConfigurationIsVisible = 0;
			defaultConfigurationName = Release;
		};
		291C41E72E460AD400D61F42 /* Build configuration list for PBXNativeTarget "MarscopeUITests" */ = {
			isa = XCConfigurationList;
			buildConfigurations = (
				291C41E82E460AD400D61F42 /* Debug */,
				291C41E92E460AD400D61F42 /* Release */,
			);
			defaultConfigurationIsVisible = 0;
			defaultConfigurationName = Release;
		};
/* End XCConfigurationList section */

/* Begin XCRemoteSwiftPackageReference section */
		291C42342E46141500D61F42 /* XCRemoteSwiftPackageReference "firebase-ios-sdk" */ = {
			isa = XCRemoteSwiftPackageReference;
			repositoryURL = "https://github.com/firebase/firebase-ios-sdk";
			requirement = {
				kind = upToNextMajorVersion;
				minimumVersion = 12.1.0;
			};
		};
/* End XCRemoteSwiftPackageReference section */

/* Begin XCSwiftPackageProductDependency section */
		291C42352E46141500D61F42 /* FirebaseAnalytics */ = {
			isa = XCSwiftPackageProductDependency;
			package = 291C42342E46141500D61F42 /* XCRemoteSwiftPackageReference "firebase-ios-sdk" */;
			productName = FirebaseAnalytics;
		};
		291C42372E46141500D61F42 /* FirebaseCrashlytics */ = {
			isa = XCSwiftPackageProductDependency;
			package = 291C42342E46141500D61F42 /* XCRemoteSwiftPackageReference "firebase-ios-sdk" */;
			productName = FirebaseCrashlytics;
		};
/* End XCSwiftPackageProductDependency section */
	};
	rootObject = 291C41B82E460AD200D61F42 /* Project object */;
}
